<?xml version="1.0" encoding="utf-8"?>
<Project ToolsVersion="4.0" xmlns="http://schemas.microsoft.com/developer/msbuild/2003">
  <ItemGroup>
    <Filter Include="Fichiers sources">
      <UniqueIdentifier>{4FC737F1-C7A5-4376-A066-2A32D752A2FF}</UniqueIdentifier>
      <Extensions>cpp;c;cc;cxx;c++;cppm;ixx;def;odl;idl;hpj;bat;asm;asmx</Extensions>
    </Filter>
    <Filter Include="Fichiers d%27en-tête">
      <UniqueIdentifier>{93995380-89BD-4b04-88EB-625FBE52EBFB}</UniqueIdentifier>
      <Extensions>h;hh;hpp;hxx;h++;hm;inl;inc;ipp;xsd</Extensions>
    </Filter>
    <Filter Include="Fichiers de ressources">
      <UniqueIdentifier>{67DA6AB6-F800-4c08-8B7A-83BB121AAD01}</UniqueIdentifier>
      <Extensions>rc;ico;cur;bmp;dlg;rc2;rct;bin;rgs;gif;jpg;jpeg;jpe;resx;tiff;tif;png;wav;mfcribbon-ms</Extensions>
    </Filter>
    <Filter Include="Fichiers d%27en-tête\Qt">
      <UniqueIdentifier>{1f67161d-e173-4336-948a-0b5394e6f4d8}</UniqueIdentifier>
    </Filter>
    <Filter Include="Fichiers sources\Qt">
      <UniqueIdentifier>{77c031b0-1073-4a3f-b5e8-6ec90b199a9e}</UniqueIdentifier>
    </Filter>
    <Filter Include="Fichiers d%27en-tête\CONSTANTS">
      <UniqueIdentifier>{98b3a561-e58c-4b77-a7fe-db40f50d61af}</UniqueIdentifier>
    </Filter>
    <Filter Include="Fichiers d%27en-tête\Model">
      <UniqueIdentifier>{a1a6f07a-2ab2-487a-aa07-c8419ac9b090}</UniqueIdentifier>
    </Filter>
    <Filter Include="Fichiers sources\Model">
      <UniqueIdentifier>{ae22e28b-42fb-4a88-9b3c-08486f9a07ef}</UniqueIdentifier>
    </Filter>
    <Filter Include="Fichiers d%27en-tête\Utils">
      <UniqueIdentifier>{82ff9398-dc0f-466b-8ef7-c6853a91ba7a}</UniqueIdentifier>
    </Filter>
    <Filter Include="Fichiers d%27en-tête\Qt\LocationBoxes">
      <UniqueIdentifier>{ab316a86-3ce0-4666-acb6-7086fdc801e9}</UniqueIdentifier>
    </Filter>
    <Filter Include="Fichiers sources\Qt\LocationBoxes">
      <UniqueIdentifier>{7632a280-6cde-4454-b2cf-f8dcd770c0d4}</UniqueIdentifier>
    </Filter>
    <Filter Include="Fichiers d%27en-tête\Qt\Utils">
      <UniqueIdentifier>{ef92a2f2-d2d0-4569-9629-36349d2eb150}</UniqueIdentifier>
    </Filter>
    <Filter Include="Fichiers d%27en-tête\FileParsers">
      <UniqueIdentifier>{b06c0444-d103-465f-be06-0782ed610430}</UniqueIdentifier>
    </Filter>
    <Filter Include="Fichiers sources\FileParsers">
      <UniqueIdentifier>{05939a55-d5d4-4fcb-9251-78a21987e496}</UniqueIdentifier>
    </Filter>
    <Filter Include="Fichiers d%27en-tête\FileParsers\Eu4">
      <UniqueIdentifier>{6911e6a6-e803-441c-b2cb-91563f49ab2c}</UniqueIdentifier>
    </Filter>
    <Filter Include="Fichiers sources\FileParsers\Eu4">
      <UniqueIdentifier>{c5a8bb19-24a9-422d-8fc0-91efb5423691}</UniqueIdentifier>
    </Filter>
    <Filter Include="Fichiers d%27en-tête\Qt\Startup">
      <UniqueIdentifier>{ce4aae6c-b75d-408a-9a00-807f9e5b83ca}</UniqueIdentifier>
    </Filter>
    <Filter Include="Fichiers sources\Qt\Startup">
      <UniqueIdentifier>{e8175af8-a7ca-495d-8596-7ae1e4126dbf}</UniqueIdentifier>
    </Filter>
    <Filter Include="Fichiers d%27en-tête\Qt\MainApp">
      <UniqueIdentifier>{765e30b6-31fa-491c-beae-c8752d236760}</UniqueIdentifier>
    </Filter>
    <Filter Include="Fichiers d%27en-tête\Qt\MainApp\Global">
      <UniqueIdentifier>{904d6d52-7d7d-49d2-88f4-bad38a504f59}</UniqueIdentifier>
    </Filter>
    <Filter Include="Fichiers d%27en-tête\Qt\MainApp\Eu4">
      <UniqueIdentifier>{e219f11b-9806-443f-9289-68c7a6369778}</UniqueIdentifier>
    </Filter>
    <Filter Include="Fichiers sources\Qt\MainApp">
      <UniqueIdentifier>{463ff68a-ca3d-428f-8b3f-8b0b979f09af}</UniqueIdentifier>
    </Filter>
    <Filter Include="Fichiers sources\Qt\MainApp\Global">
      <UniqueIdentifier>{9cebd36f-d196-4979-8123-65f3ab718880}</UniqueIdentifier>
    </Filter>
    <Filter Include="Fichiers sources\Qt\MainApp\Eu4">
      <UniqueIdentifier>{8454de05-edb2-428d-b92e-6f7f25f25e77}</UniqueIdentifier>
    </Filter>
    <Filter Include="Fichiers d%27en-tête\Model\Eu4">
      <UniqueIdentifier>{08ed58d4-ac74-4758-9083-9f41534dfe7a}</UniqueIdentifier>
    </Filter>
    <Filter Include="Fichiers sources\Model\Eu4">
      <UniqueIdentifier>{78489943-bbbf-4260-b2d3-77f85ed2af97}</UniqueIdentifier>
    </Filter>
    <Filter Include="Fichiers d%27en-tête\FileDataManager">
      <UniqueIdentifier>{ede59709-b839-4c36-8205-f4a9ff53f2b5}</UniqueIdentifier>
    </Filter>
    <Filter Include="Fichiers sources\FileDataManager">
      <UniqueIdentifier>{fe434e51-3ef1-4aeb-9f71-a28697717b4a}</UniqueIdentifier>
    </Filter>
  </ItemGroup>
  <ItemGroup>
    <ClCompile Include="src\main.cpp">
      <Filter>Fichiers sources</Filter>
    </ClCompile>
    <ClCompile Include="src\Qt\ImageViewa.cpp">
      <Filter>Fichiers sources\Qt</Filter>
    </ClCompile>
    <ClCompile Include="src\Qt\TopMenuBar.cpp">
      <Filter>Fichiers sources\Qt</Filter>
    </ClCompile>
    <ClCompile Include="src\Model\Eu4GeoPolData.cpp">
      <Filter>Fichiers sources\Model</Filter>
    </ClCompile>
    <ClCompile Include="src\Qt\InformationGUI.cpp">
      <Filter>Fichiers sources\Qt</Filter>
    </ClCompile>
    <ClCompile Include="src\Qt\LocationBoxes\BuildingsBox.cpp">
      <Filter>Fichiers sources\Qt\LocationBoxes</Filter>
    </ClCompile>
    <ClCompile Include="src\Qt\LocationBoxes\CoresBox.cpp">
      <Filter>Fichiers sources\Qt\LocationBoxes</Filter>
    </ClCompile>
    <ClCompile Include="src\Qt\LocationBoxes\CultRelBox.cpp">
      <Filter>Fichiers sources\Qt\LocationBoxes</Filter>
    </ClCompile>
    <ClCompile Include="src\Qt\LocationBoxes\DevBox.cpp">
      <Filter>Fichiers sources\Qt\LocationBoxes</Filter>
    </ClCompile>
    <ClCompile Include="src\Qt\LocationBoxes\OwnershipBox.cpp">
      <Filter>Fichiers sources\Qt\LocationBoxes</Filter>
    </ClCompile>
    <ClCompile Include="src\Qt\LocationBoxes\ProvOthersBox.cpp">
      <Filter>Fichiers sources\Qt\LocationBoxes</Filter>
    </ClCompile>
    <ClCompile Include="src\Qt\LocationBoxes\TechInfoBox.cpp">
      <Filter>Fichiers sources\Qt\LocationBoxes</Filter>
    </ClCompile>
    <ClCompile Include="src\Qt\LocationBoxes\TradeBox.cpp">
      <Filter>Fichiers sources\Qt\LocationBoxes</Filter>
    </ClCompile>
    <ClCompile Include="src\Qt\LocationBoxes\LocInfoBoxes.cpp">
      <Filter>Fichiers sources\Qt\LocationBoxes</Filter>
    </ClCompile>
    <ClCompile Include="FlowLayout.cpp">
      <Filter>Fichiers sources</Filter>
    </ClCompile>
    <ClCompile Include="src\Model\CultRelContainer.cpp">
      <Filter>Fichiers sources\Model</Filter>
    </ClCompile>
    <ClCompile Include="src\FileParsers\FileParser.cpp">
      <Filter>Fichiers sources\FileParsers</Filter>
    </ClCompile>
    <ClCompile Include="src\FileParsers\Eu4\Eu4CultureParser.cpp">
      <Filter>Fichiers sources\FileParsers\Eu4</Filter>
    </ClCompile>
    <ClCompile Include="src\FileParsers\Eu4\Eu4MainParser.cpp">
      <Filter>Fichiers sources\FileParsers\Eu4</Filter>
    </ClCompile>
    <ClCompile Include="src\FileParsers\Eu4\Eu4ReligionParser.cpp">
      <Filter>Fichiers sources\FileParsers\Eu4</Filter>
    </ClCompile>
    <ClCompile Include="src\Qt\LocationBoxes\LocMainWidget.cpp">
      <Filter>Fichiers sources\Qt\LocationBoxes</Filter>
    </ClCompile>
    <ClCompile Include="src\Model\CountryContainer.cpp">
      <Filter>Fichiers sources\Model</Filter>
    </ClCompile>
    <ClCompile Include="src\Qt\Startup\StartupDialog.cpp">
      <Filter>Fichiers sources\Qt\Startup</Filter>
    </ClCompile>
    <ClCompile Include="src\Qt\Startup\StartupGameBox.cpp">
      <Filter>Fichiers sources\Qt\Startup</Filter>
    </ClCompile>
    <ClCompile Include="src\Qt\Startup\StartupLoadBox.cpp">
      <Filter>Fichiers sources\Qt\Startup</Filter>
    </ClCompile>
    <ClCompile Include="src\Qt\Startup\StartupModBox.cpp">
      <Filter>Fichiers sources\Qt\Startup</Filter>
    </ClCompile>
    <ClCompile Include="src\Qt\Startup\StartupOptionBox.cpp">
      <Filter>Fichiers sources\Qt\Startup</Filter>
    </ClCompile>
    <ClCompile Include="src\FileParsers\FilePathHandler.cpp">
      <Filter>Fichiers sources\FileParsers</Filter>
    </ClCompile>
    <ClCompile Include="src\Qt\MainApp\Global\MainApp.cpp">
      <Filter>Fichiers sources\Qt\MainApp\Global</Filter>
    </ClCompile>
    <ClCompile Include="src\Qt\MainApp\Global\SGPUnitInfoBoxes.cpp">
      <Filter>Fichiers sources\Qt\MainApp\Global</Filter>
    </ClCompile>
    <ClCompile Include="src\Qt\MainApp\Global\SGPUnitMainWidget.cpp">
      <Filter>Fichiers sources\Qt\MainApp\Global</Filter>
    </ClCompile>
    <ClCompile Include="src\Qt\MainApp\Global\TechInfo.cpp">
      <Filter>Fichiers sources\Qt\MainApp\Global</Filter>
    </ClCompile>
    <ClCompile Include="src\Model\Eu4\Data.cpp">
      <Filter>Fichiers sources\Model\Eu4</Filter>
    </ClCompile>
    <ClCompile Include="src\Model\Eu4\Eu4GeoPolUnits.cpp">
      <Filter>Fichiers sources\Model\Eu4</Filter>
    </ClCompile>
    <ClCompile Include="src\FileDataManager\FileManager.cpp">
      <Filter>Fichiers sources\FileDataManager</Filter>
    </ClCompile>
  </ItemGroup>
  <ItemGroup>
    <ClInclude Include="include\Qt\ImageViewa.h">
      <Filter>Fichiers d%27en-tête\Qt</Filter>
    </ClInclude>
    <ClInclude Include="include\Qt\InstantMenuStyle.h">
      <Filter>Fichiers d%27en-tête\Qt</Filter>
    </ClInclude>
    <ClInclude Include="include\Qt\TopMenuBar.h">
      <Filter>Fichiers d%27en-tête\Qt</Filter>
    </ClInclude>
    <ClInclude Include="include\CONSTANTS\filenfolder_CONST.h">
      <Filter>Fichiers d%27en-tête\CONSTANTS</Filter>
    </ClInclude>
    <ClInclude Include="include\Utils\SimpleParser.h">
      <Filter>Fichiers d%27en-tête\Utils</Filter>
    </ClInclude>
    <ClInclude Include="include\Qt\LocationBoxes\BuildingsBox.h">
      <Filter>Fichiers d%27en-tête\Qt\LocationBoxes</Filter>
    </ClInclude>
    <ClInclude Include="include\Qt\LocationBoxes\CoresBox.h">
      <Filter>Fichiers d%27en-tête\Qt\LocationBoxes</Filter>
    </ClInclude>
    <ClInclude Include="include\Qt\LocationBoxes\ProvOthersBox.h">
      <Filter>Fichiers d%27en-tête\Qt\LocationBoxes</Filter>
    </ClInclude>
    <ClInclude Include="include\Qt\LocationBoxes\TechInfoBox.h">
      <Filter>Fichiers d%27en-tête\Qt\LocationBoxes</Filter>
    </ClInclude>
    <ClInclude Include="include\Qt\LocationBoxes\TradeBox.h">
      <Filter>Fichiers d%27en-tête\Qt\LocationBoxes</Filter>
    </ClInclude>
    <ClInclude Include="include\Qt\Util\QtUtils.h">
      <Filter>Fichiers d%27en-tête\Qt\Utils</Filter>
    </ClInclude>
    <ClInclude Include="FlowLayout.h">
      <Filter>Fichiers d%27en-tête</Filter>
    </ClInclude>
    <ClInclude Include="include\FileParsers\FileParser.h">
      <Filter>Fichiers d%27en-tête\FileParsers</Filter>
    </ClInclude>
    <ClInclude Include="include\FileParsers\Eu4\Eu4CultureParser.h">
      <Filter>Fichiers d%27en-tête\FileParsers\Eu4</Filter>
    </ClInclude>
    <ClInclude Include="include\FileParsers\Eu4\Eu4MainParser.h">
      <Filter>Fichiers d%27en-tête\FileParsers\Eu4</Filter>
    </ClInclude>
    <ClInclude Include="include\FileParsers\Eu4\Eu4ReligionParser.h">
      <Filter>Fichiers d%27en-tête\FileParsers\Eu4</Filter>
    </ClInclude>
    <ClInclude Include="include\CONSTANTS\KEYS.h">
      <Filter>Fichiers d%27en-tête\CONSTANTS</Filter>
    </ClInclude>
    <ClInclude Include="include\FileParsers\Eu4\Eu4Parser.h">
      <Filter>Fichiers d%27en-tête\FileParsers\Eu4</Filter>
    </ClInclude>
    <ClInclude Include="include\Utils\MemoryMappingFile.h">
      <Filter>Fichiers d%27en-tête\Qt\Utils</Filter>
    </ClInclude>
    <ClInclude Include="include\Utils\FileOpener.h">
      <Filter>Fichiers d%27en-tête\Utils</Filter>
    </ClInclude>
    <ClInclude Include="include\Qt\Startup\StartupLoadBox.h">
      <Filter>Fichiers d%27en-tête\Qt\Startup</Filter>
    </ClInclude>
    <ClInclude Include="include\Qt\Startup\StartupModBox.h">
      <Filter>Fichiers d%27en-tête\Qt\Startup</Filter>
    </ClInclude>
    <ClInclude Include="include\Qt\Startup\StartupOptionBox.h">
      <Filter>Fichiers d%27en-tête\Qt\Startup</Filter>
    </ClInclude>
    <ClInclude Include="include\FileParsers\FilePathHandler.h">
      <Filter>Fichiers d%27en-tête\FileParsers</Filter>
    </ClInclude>
    <ClInclude Include="include\Qt\MainApp\Global\SGPUnitInfoBoxes.h">
      <Filter>Fichiers d%27en-tête\Qt\MainApp\Global</Filter>
    </ClInclude>
    <ClInclude Include="include\Qt\MainApp\Global\SGPUnitMainWidget.h">
      <Filter>Fichiers d%27en-tête\Qt\MainApp\Global</Filter>
    </ClInclude>
    <ClInclude Include="include\Qt\MainApp\Global\TechInfo.h">
      <Filter>Fichiers d%27en-tête\Qt\MainApp\Global</Filter>
    </ClInclude>
    <ClInclude Include="include\Model\Eu4\Data.h">
      <Filter>Fichiers d%27en-tête\Model\Eu4</Filter>
    </ClInclude>
    <ClInclude Include="include\Model\GameData.h">
      <Filter>Fichiers d%27en-tête\Model</Filter>
    </ClInclude>
    <ClInclude Include="include\Model\Eu4GeoPolData.h">
      <Filter>Fichiers d%27en-tête\Model\Eu4</Filter>
    </ClInclude>
    <ClInclude Include="include\Model\CountryContainer.h">
      <Filter>Fichiers d%27en-tête\Model\Eu4</Filter>
    </ClInclude>
    <ClInclude Include="include\Model\CultRelContainer.h">
      <Filter>Fichiers d%27en-tête\Model\Eu4</Filter>
    </ClInclude>
    <ClInclude Include="include\Model\GeoPolUnit.h">
      <Filter>Fichiers d%27en-tête\Model</Filter>
    </ClInclude>
    <ClInclude Include="include\Model\Eu4\Eu4GeoPolUnits.h">
      <Filter>Fichiers d%27en-tête\Model\Eu4</Filter>
    </ClInclude>
    <ClInclude Include="include\FileDataManager\FileManager.h">
      <Filter>Fichiers d%27en-tête\FileDataManager</Filter>
    </ClInclude>
  </ItemGroup>
  <ItemGroup>
    <None Include="cpp.hint" />
  </ItemGroup>
  <ItemGroup>
    <QtMoc Include="include\Qt\LocationBoxes\LocInfoBoxes.h">
      <Filter>Fichiers d%27en-tête</Filter>
    </QtMoc>
    <QtMoc Include="include\Qt\InformationGUI.h">
      <Filter>Fichiers d%27en-tête\Qt</Filter>
    </QtMoc>
    <QtMoc Include="include\Qt\LocationBoxes\DevBox.h">
      <Filter>Fichiers d%27en-tête\Qt\LocationBoxes</Filter>
    </QtMoc>
    <QtMoc Include="include\Qt\LocationBoxes\CultRelBox.h">
      <Filter>Fichiers d%27en-tête\Qt\LocationBoxes</Filter>
    </QtMoc>
    <QtMoc Include="include\Qt\LocationBoxes\LocMainWidget.h">
      <Filter>Fichiers d%27en-tête\Qt\LocationBoxes</Filter>
    </QtMoc>
    <QtMoc Include="include\Qt\LocationBoxes\OwnershipBox.h">
      <Filter>Fichiers d%27en-tête\Qt\LocationBoxes</Filter>
    </QtMoc>
    <QtMoc Include="include\Qt\Startup\StartupDialog.h">
      <Filter>Fichiers d%27en-tête\Qt\Startup</Filter>
    </QtMoc>
    <QtMoc Include="include\Qt\Startup\StartupGameBox.h">
      <Filter>Fichiers d%27en-tête\Qt\Startup</Filter>
    </QtMoc>
    <QtMoc Include="include\Qt\MainApp\Global\MainApp.h">
      <Filter>Fichiers d%27en-tête\Qt\MainApp\Global</Filter>
    </QtMoc>
  </ItemGroup>
</Project>